
Microsoft Visual Studio Solution File, Format Version 12.00
# Visual Studio Version 16
VisualStudioVersion = 16.0.29418.71
MinimumVisualStudioVersion = 10.0.40219.1
Project("{FAE04EC0-301F-11D3-BF4B-00C04F79EFBC}") = "PickColor", "PickColor\PickColor.csproj", "{9B57658E-C2FC-4905-8CDF-7BC104A22276}"
EndProject
Global
	GlobalSection(SolutionConfigurationPlatforms) = preSolution
		Debug|Any CPU = Debug|Any CPU
		Release|Any CPU = Release|Any CPU
	EndGlobalSection
	GlobalSection(ProjectConfigurationPlatforms) = postSolution
		{9B57658E-C2FC-4905-8CDF-7BC104A22276}.Debug|Any CPU.ActiveCfg = Debug|Any CPU
		{9B57658E-C2FC-4905-8CDF-7BC104A22276}.Debug|Any CPU.Build.0 = Debug|Any CPU
		{9B57658E-C2FC-4905-8CDF-7BC104A22276}.Release|Any CPU.ActiveCfg = Release|Any CPU
		{9B57658E-C2FC-4905-8CDF-7BC104A22276}.Release|Any CPU.Build.0 = Release|Any CPU
	EndGlobalSection
	GlobalSection(SolutionProperties) = preSolution
		HideSolutionNode = FALSE
	EndGlobalSection
	GlobalSection(ExtensibilityGlobals) = postSolution
		SolutionGuid = {C4525B10-622A-4249-B9BE-B43C75E0D52D}
	EndGlobalSection
EndGlobal
