
Microsoft Visual Studio Solution File, Format Version 12.00
# Visual Studio Version 16
VisualStudioVersion = 16.0.29609.76
MinimumVisualStudioVersion = 10.0.40219.1
Project("{FAE04EC0-301F-11D3-BF4B-00C04F79EFBC}") = "Hex2Bin", "Hex2Bin\Hex2Bin.csproj", "{E7113D73-BC1C-44ED-AC8A-E2E6BC3A1440}"
EndProject
Global
	GlobalSection(SolutionConfigurationPlatforms) = preSolution
		Debug|Any CPU = Debug|Any CPU
		Release|Any CPU = Release|Any CPU
	EndGlobalSection
	GlobalSection(ProjectConfigurationPlatforms) = postSolution
		{E7113D73-BC1C-44ED-AC8A-E2E6BC3A1440}.Debug|Any CPU.ActiveCfg = Debug|Any CPU
		{E7113D73-BC1C-44ED-AC8A-E2E6BC3A1440}.Debug|Any CPU.Build.0 = Debug|Any CPU
		{E7113D73-BC1C-44ED-AC8A-E2E6BC3A1440}.Release|Any CPU.ActiveCfg = Release|Any CPU
		{E7113D73-BC1C-44ED-AC8A-E2E6BC3A1440}.Release|Any CPU.Build.0 = Release|Any CPU
	EndGlobalSection
	GlobalSection(SolutionProperties) = preSolution
		HideSolutionNode = FALSE
	EndGlobalSection
	GlobalSection(ExtensibilityGlobals) = postSolution
		SolutionGuid = {D726047E-E69D-4481-A68F-85B29B2A175E}
	EndGlobalSection
EndGlobal
