
Microsoft Visual Studio Solution File, Format Version 12.00
# Visual Studio Version 16
VisualStudioVersion = 16.0.31911.196
MinimumVisualStudioVersion = 10.0.40219.1
Project("{FAE04EC0-301F-11D3-BF4B-00C04F79EFBC}") = "Clippy", "Clippy.csproj", "{693C93DE-D30D-41D3-9A2E-3FC2FD2AD31B}"
EndProject
Global
	GlobalSection(SolutionConfigurationPlatforms) = preSolution
		Debug|Any CPU = Debug|Any CPU
		Release|Any CPU = Release|Any CPU
	EndGlobalSection
	GlobalSection(ProjectConfigurationPlatforms) = postSolution
		{693C93DE-D30D-41D3-9A2E-3FC2FD2AD31B}.Debug|Any CPU.ActiveCfg = Debug|Any CPU
		{693C93DE-D30D-41D3-9A2E-3FC2FD2AD31B}.Debug|Any CPU.Build.0 = Debug|Any CPU
		{693C93DE-D30D-41D3-9A2E-3FC2FD2AD31B}.Release|Any CPU.ActiveCfg = Release|Any CPU
		{693C93DE-D30D-41D3-9A2E-3FC2FD2AD31B}.Release|Any CPU.Build.0 = Release|Any CPU
	EndGlobalSection
	GlobalSection(SolutionProperties) = preSolution
		HideSolutionNode = FALSE
	EndGlobalSection
	GlobalSection(ExtensibilityGlobals) = postSolution
		SolutionGuid = {21722104-4F9B-420A-A753-6B7D506B6DF5}
	EndGlobalSection
EndGlobal
