
Microsoft Visual Studio Solution File, Format Version 12.00
# Visual Studio 15
VisualStudioVersion = 15.0.28307.757
MinimumVisualStudioVersion = 10.0.40219.1
Project("{FAE04EC0-301F-11D3-BF4B-00C04F79EFBC}") = "QuickMd5", "QuickMd5\QuickMd5.csproj", "{DA36BE0C-AA50-4986-807E-4A6F1C8B75F9}"
EndProject
Global
	GlobalSection(SolutionConfigurationPlatforms) = preSolution
		Debug|Any CPU = Debug|Any CPU
		Release|Any CPU = Release|Any CPU
	EndGlobalSection
	GlobalSection(ProjectConfigurationPlatforms) = postSolution
		{DA36BE0C-AA50-4986-807E-4A6F1C8B75F9}.Debug|Any CPU.ActiveCfg = Debug|Any CPU
		{DA36BE0C-AA50-4986-807E-4A6F1C8B75F9}.Debug|Any CPU.Build.0 = Debug|Any CPU
		{DA36BE0C-AA50-4986-807E-4A6F1C8B75F9}.Release|Any CPU.ActiveCfg = Release|Any CPU
		{DA36BE0C-AA50-4986-807E-4A6F1C8B75F9}.Release|Any CPU.Build.0 = Release|Any CPU
	EndGlobalSection
	GlobalSection(SolutionProperties) = preSolution
		HideSolutionNode = FALSE
	EndGlobalSection
	GlobalSection(ExtensibilityGlobals) = postSolution
		SolutionGuid = {8140F849-6623-4830-8935-44D9504D8601}
	EndGlobalSection
EndGlobal
